
Microsoft Visual Studio Solution File, Format Version 12.00
# Visual Studio 15
VisualStudioVersion = 15.0.27428.2037
MinimumVisualStudioVersion = 10.0.40219.1
Project("{888888A0-9F3D-457C-B088-3A5042F75D52}") = "Numpy", "Numpy\Numpy.pyproj", "{0F8CCAEF-A894-4078-97B2-794BCC69C99B}"
EndProject
Global
	GlobalSection(SolutionConfigurationPlatforms) = preSolution
		Debug|Any CPU = Debug|Any CPU
		Release|Any CPU = Release|Any CPU
	EndGlobalSection
	GlobalSection(ProjectConfigurationPlatforms) = postSolution
		{0F8CCAEF-A894-4078-97B2-794BCC69C99B}.Debug|Any CPU.ActiveCfg = Debug|Any CPU
		{0F8CCAEF-A894-4078-97B2-794BCC69C99B}.Release|Any CPU.ActiveCfg = Release|Any CPU
	EndGlobalSection
	GlobalSection(SolutionProperties) = preSolution
		HideSolutionNode = FALSE
	EndGlobalSection
	GlobalSection(ExtensibilityGlobals) = postSolution
		SolutionGuid = {CAED9983-9248-4685-A6EC-1919B29611F7}
	EndGlobalSection
EndGlobal
